github.com/dev-wasm/dev-wasm-go/lib v0.0.0-20260207032918-775d7cbc66c4 h1:pm2uQgYGzibsPH8ndY92Dor9S1F65jgnk4HM8use6LY=
github.com/dev-wasm/dev-wasm-go/lib v0.0.0-20260207032918-775d7cbc66c4/go.mod h1:IAZDQaELmHlCjhQkmfnFesp2pAymqgvlPak5JEdNu4c=
go.bytecodealliance.org/cm v0.1.1-0.20250218151459-e57ac0139b6f h1:cHJcIruuUZwd7rDdcJHOVotufiO+qPfFwcxb6uCUVSI=
go.bytecodealliance.org/cm v0.1.1-0.20250218151459-e57ac0139b6f/go.mod h1:NZ2UT0DyGhBfpIPOxPMCuG6g1YTR4YF3xweD7mHX5VQ=
